
Microsoft Visual Studio Solution File, Format Version 12.00
# Visual Studio Version 17
VisualStudioVersion = 17.14.36301.6 d17.14
MinimumVisualStudioVersion = 10.0.40219.1
Project("{FAE04EC0-301F-11D3-BF4B-00C04F79EFBC}") = "Pizzaria", "Pizzaria\Pizzaria.csproj", "{1B2851A9-D7AB-4E8C-B006-28D050065B97}"
EndProject
Global
	GlobalSection(SolutionConfigurationPlatforms) = preSolution
		Debug|Any CPU = Debug|Any CPU
		Release|Any CPU = Release|Any CPU
	EndGlobalSection
	GlobalSection(ProjectConfigurationPlatforms) = postSolution
		{1B2851A9-D7AB-4E8C-B006-28D050065B97}.Debug|Any CPU.ActiveCfg = Debug|Any CPU
		{1B2851A9-D7AB-4E8C-B006-28D050065B97}.Debug|Any CPU.Build.0 = Debug|Any CPU
		{1B2851A9-D7AB-4E8C-B006-28D050065B97}.Release|Any CPU.ActiveCfg = Release|Any CPU
		{1B2851A9-D7AB-4E8C-B006-28D050065B97}.Release|Any CPU.Build.0 = Release|Any CPU
	EndGlobalSection
	GlobalSection(SolutionProperties) = preSolution
		HideSolutionNode = FALSE
	EndGlobalSection
	GlobalSection(ExtensibilityGlobals) = postSolution
		SolutionGuid = {C29A1A76-2E5D-4AE9-B1C2-C3C5F9976A83}
	EndGlobalSection
EndGlobal
